<?xml version="1.0" encoding="utf-8"?>
<Project ToolsVersion="4.0" xmlns="http://schemas.microsoft.com/developer/msbuild/2003">
  <ItemGroup>
    <Filter Include="Source Files">
      <UniqueIdentifier>{4FC737F1-C7A5-4376-A066-2A32D752A2FF}</UniqueIdentifier>
      <Extensions>cpp;c;cc;cxx;c++;cppm;ixx;def;odl;idl;hpj;bat;asm;asmx</Extensions>
    </Filter>
    <Filter Include="Header Files">
      <UniqueIdentifier>{93995380-89BD-4b04-88EB-625FBE52EBFB}</UniqueIdentifier>
      <Extensions>h;hh;hpp;hxx;h++;hm;inl;inc;ipp;xsd</Extensions>
    </Filter>
    <Filter Include="Resource Files">
      <UniqueIdentifier>{67DA6AB6-F800-4c08-8B7A-83BB121AAD01}</UniqueIdentifier>
      <Extensions>rc;ico;cur;bmp;dlg;rc2;rct;bin;rgs;gif;jpg;jpeg;jpe;resx;tiff;tif;png;wav;mfcribbon-ms</Extensions>
    </Filter>
    <Filter Include="Header Files\MinHook">
      <UniqueIdentifier>{eaf03010-7e3a-49ae-a44a-b4bc4c38d09b}</UniqueIdentifier>
    </Filter>
    <Filter Include="Source Files\MinHook">
      <UniqueIdentifier>{eba1e473-de9a-4855-af45-87e1fbd884a4}</UniqueIdentifier>
    </Filter>
    <Filter Include="Header Files\SDL3">
      <UniqueIdentifier>{f4774618-4d5a-4e46-9751-b615d7295bf5}</UniqueIdentifier>
    </Filter>
  </ItemGroup>
  <ItemGroup>
    <ClInclude Include="framework.h">
      <Filter>Header Files</Filter>
    </ClInclude>
    <ClInclude Include="TypeDefs.h">
      <Filter>Header Files</Filter>
    </ClInclude>
    <ClInclude Include="WindowHooks.h">
      <Filter>Header Files</Filter>
    </ClInclude>
    <ClInclude Include="Utils.h">
      <Filter>Header Files</Filter>
    </ClInclude>
    <ClInclude Include="InputHooks.h">
      <Filter>Header Files</Filter>
    </ClInclude>
    <ClInclude Include="include\MinHook\buffer.h">
      <Filter>Header Files\MinHook</Filter>
    </ClInclude>
    <ClInclude Include="include\MinHook\hde32.h">
      <Filter>Header Files\MinHook</Filter>
    </ClInclude>
    <ClInclude Include="include\MinHook\MinHook.h">
      <Filter>Header Files\MinHook</Filter>
    </ClInclude>
    <ClInclude Include="include\MinHook\pstdint.h">
      <Filter>Header Files\MinHook</Filter>
    </ClInclude>
    <ClInclude Include="include\MinHook\table32.h">
      <Filter>Header Files\MinHook</Filter>
    </ClInclude>
    <ClInclude Include="include\MinHook\trampoline.h">
      <Filter>Header Files\MinHook</Filter>
    </ClInclude>
    <ClInclude Include="SDL3\SDL.h">
      <Filter>Header Files\SDL3</Filter>
    </ClInclude>
    <ClInclude Include="SDL3\SDL_stdinc.h">
      <Filter>Header Files\SDL3</Filter>
    </ClInclude>
  </ItemGroup>
  <ItemGroup>
    <ClCompile Include="dllmain.cpp">
      <Filter>Source Files</Filter>
    </ClCompile>
    <ClCompile Include="WindowHooks.cpp">
      <Filter>Source Files</Filter>
    </ClCompile>
    <ClCompile Include="Utils.cpp">
      <Filter>Source Files</Filter>
    </ClCompile>
    <ClCompile Include="InputHooks.cpp">
      <Filter>Source Files</Filter>
    </ClCompile>
    <ClCompile Include="include\MinHook\buffer.c">
      <Filter>Source Files\MinHook</Filter>
    </ClCompile>
    <ClCompile Include="include\MinHook\hde32.c">
      <Filter>Source Files\MinHook</Filter>
    </ClCompile>
    <ClCompile Include="include\MinHook\hook.c">
      <Filter>Source Files\MinHook</Filter>
    </ClCompile>
    <ClCompile Include="include\MinHook\trampoline.c">
      <Filter>Source Files\MinHook</Filter>
    </ClCompile>
  </ItemGroup>
  <ItemGroup>
    <None Include="proxy.def">
      <Filter>Source Files</Filter>
    </None>
  </ItemGroup>
</Project>